
Microsoft Visual Studio Solution File, Format Version 12.00
# Visual Studio Version 17
VisualStudioVersion = 17.6.33723.286
MinimumVisualStudioVersion = 10.0.40219.1
Project("{FAE04EC0-301F-11D3-BF4B-00C04F79EFBC}") = "EmployeeCrudTeste", "EmployeeCrudTeste\EmployeeCrudTeste.csproj", "{1283719D-BA8B-4793-81B7-0015E6FA728E}"
EndProject
Global
	GlobalSection(SolutionConfigurationPlatforms) = preSolution
		Debug|Any CPU = Debug|Any CPU
		Release|Any CPU = Release|Any CPU
	EndGlobalSection
	GlobalSection(ProjectConfigurationPlatforms) = postSolution
		{1283719D-BA8B-4793-81B7-0015E6FA728E}.Debug|Any CPU.ActiveCfg = Debug|Any CPU
		{1283719D-BA8B-4793-81B7-0015E6FA728E}.Debug|Any CPU.Build.0 = Debug|Any CPU
		{1283719D-BA8B-4793-81B7-0015E6FA728E}.Release|Any CPU.ActiveCfg = Release|Any CPU
		{1283719D-BA8B-4793-81B7-0015E6FA728E}.Release|Any CPU.Build.0 = Release|Any CPU
	EndGlobalSection
	GlobalSection(SolutionProperties) = preSolution
		HideSolutionNode = FALSE
	EndGlobalSection
	GlobalSection(ExtensibilityGlobals) = postSolution
		SolutionGuid = {2F3A7E7C-D059-4292-8756-6ABE7CB5FBC8}
	EndGlobalSection
EndGlobal
